
Microsoft Visual Studio Solution File, Format Version 12.00
# Visual Studio 15
VisualStudioVersion = 15.0.28307.102
MinimumVisualStudioVersion = 10.0.40219.1
Project("{9A19103F-16F7-4668-BE54-9A1E7A4F7556}") = "LineBotTest", "LineBotTest\LineBotTest.csproj", "{CC894BA7-9EC2-4F46-8A3B-4C509551F0B6}"
EndProject
Project("{2150E333-8FDC-42A3-9474-1A3956D46DE8}") = "Nuget", "Nuget", "{6BEA51F7-A9A5-4C2C-B9CF-FFB4265C77B7}"
	ProjectSection(SolutionItems) = preProject
		Package.nuspec = Package.nuspec
	EndProjectSection
EndProject
Project("{9A19103F-16F7-4668-BE54-9A1E7A4F7556}") = "LineBot", "LineBot\LineBot.csproj", "{008C5CFF-4FF7-48A0-8967-EBF1880A6544}"
EndProject
Global
	GlobalSection(SolutionConfigurationPlatforms) = preSolution
		Debug|Any CPU = Debug|Any CPU
		Release|Any CPU = Release|Any CPU
	EndGlobalSection
	GlobalSection(ProjectConfigurationPlatforms) = postSolution
		{CC894BA7-9EC2-4F46-8A3B-4C509551F0B6}.Debug|Any CPU.ActiveCfg = Debug|Any CPU
		{CC894BA7-9EC2-4F46-8A3B-4C509551F0B6}.Debug|Any CPU.Build.0 = Debug|Any CPU
		{CC894BA7-9EC2-4F46-8A3B-4C509551F0B6}.Release|Any CPU.ActiveCfg = Release|Any CPU
		{CC894BA7-9EC2-4F46-8A3B-4C509551F0B6}.Release|Any CPU.Build.0 = Release|Any CPU
		{008C5CFF-4FF7-48A0-8967-EBF1880A6544}.Debug|Any CPU.ActiveCfg = Debug|Any CPU
		{008C5CFF-4FF7-48A0-8967-EBF1880A6544}.Debug|Any CPU.Build.0 = Debug|Any CPU
		{008C5CFF-4FF7-48A0-8967-EBF1880A6544}.Release|Any CPU.ActiveCfg = Release|Any CPU
		{008C5CFF-4FF7-48A0-8967-EBF1880A6544}.Release|Any CPU.Build.0 = Release|Any CPU
	EndGlobalSection
	GlobalSection(SolutionProperties) = preSolution
		HideSolutionNode = FALSE
	EndGlobalSection
	GlobalSection(ExtensibilityGlobals) = postSolution
		SolutionGuid = {2A09B84B-5D1A-458C-A32C-90FCD3078019}
	EndGlobalSection
EndGlobal
